
Microsoft Visual Studio Solution File, Format Version 12.00
# Visual Studio Version 16
VisualStudioVersion = 16.0.31129.286
MinimumVisualStudioVersion = 10.0.40219.1
Project("{FAE04EC0-301F-11D3-BF4B-00C04F79EFBC}") = "InAndOut", "InAndOut\InAndOut.csproj", "{0BDD1F20-FF91-463E-894C-87FF33744CFA}"
EndProject
Global
	GlobalSection(SolutionConfigurationPlatforms) = preSolution
		Debug|Any CPU = Debug|Any CPU
		Release|Any CPU = Release|Any CPU
	EndGlobalSection
	GlobalSection(ProjectConfigurationPlatforms) = postSolution
		{0BDD1F20-FF91-463E-894C-87FF33744CFA}.Debug|Any CPU.ActiveCfg = Debug|Any CPU
		{0BDD1F20-FF91-463E-894C-87FF33744CFA}.Debug|Any CPU.Build.0 = Debug|Any CPU
		{0BDD1F20-FF91-463E-894C-87FF33744CFA}.Release|Any CPU.ActiveCfg = Release|Any CPU
		{0BDD1F20-FF91-463E-894C-87FF33744CFA}.Release|Any CPU.Build.0 = Release|Any CPU
	EndGlobalSection
	GlobalSection(SolutionProperties) = preSolution
		HideSolutionNode = FALSE
	EndGlobalSection
	GlobalSection(ExtensibilityGlobals) = postSolution
		SolutionGuid = {D5690948-E17F-48A2-A583-D0979AB1B78D}
	EndGlobalSection
EndGlobal
